{
  "version": 1,
  "dependencies": {
    ".NETFramework,Version=v4.8": {
      "dnlib": {
        "type": "Direct",
        "requested": "[3.3.2, 3.3.2]",
        "resolved": "3.3.2",
        "contentHash": "16p2zxL0d0FJ7POvunZ+9cn3mREmQD1rDm+1C1eIMDBRAuEGLCSWdIobrUNYP//DcfMRYHbpgB8Gh2BYjEkS2Q=="
      }
    }
  }
}